
Microsoft Visual Studio Solution File, Format Version 12.00
# Visual Studio Version 17
VisualStudioVersion = 17.14.36301.6 d17.14
MinimumVisualStudioVersion = 10.0.40219.1
Project("{FAE04EC0-301F-11D3-BF4B-00C04F79EFBC}") = "BankAccountsApi", "BankAccountsApi.csproj", "{13C6A2A2-0A81-4B63-BA2B-976EF0462B76}"
EndProject
Global
	GlobalSection(SolutionConfigurationPlatforms) = preSolution
		Debug|Any CPU = Debug|Any CPU
		Release|Any CPU = Release|Any CPU
	EndGlobalSection
	GlobalSection(ProjectConfigurationPlatforms) = postSolution
		{13C6A2A2-0A81-4B63-BA2B-976EF0462B76}.Debug|Any CPU.ActiveCfg = Debug|Any CPU
		{13C6A2A2-0A81-4B63-BA2B-976EF0462B76}.Debug|Any CPU.Build.0 = Debug|Any CPU
		{13C6A2A2-0A81-4B63-BA2B-976EF0462B76}.Release|Any CPU.ActiveCfg = Release|Any CPU
		{13C6A2A2-0A81-4B63-BA2B-976EF0462B76}.Release|Any CPU.Build.0 = Release|Any CPU
	EndGlobalSection
	GlobalSection(SolutionProperties) = preSolution
		HideSolutionNode = FALSE
	EndGlobalSection
	GlobalSection(ExtensibilityGlobals) = postSolution
		SolutionGuid = {400100B2-2579-4ADE-B49F-2606D952154E}
	EndGlobalSection
EndGlobal
